
Microsoft Visual Studio Solution File, Format Version 12.00
# Visual Studio Version 17
VisualStudioVersion = 17.3.32922.545
MinimumVisualStudioVersion = 15.0.26124.0
Project("{FAE04EC0-301F-11D3-BF4B-00C04F79EFBC}") = "Empire", "1.6\Source\Core\Empire.csproj", "{42D86855-C82C-D60A-6CB9-C301998EA678}"
EndProject
Project("{FAE04EC0-301F-11D3-BF4B-00C04F79EFBC}") = "Empire.CE", "1.6\Source\Patch-CE\Empire.CE.csproj", "{30E96982-6B6E-AA30-DADF-F10FAE0EB832}"
EndProject
Project("{FAE04EC0-301F-11D3-BF4B-00C04F79EFBC}") = "Empire.FTV", "1.6\Source\Patch-FTV\Empire.FTV.csproj", "{1B1B0A4C-A83A-218D-03FC-E25D49DC5768}"
EndProject
Project("{FAE04EC0-301F-11D3-BF4B-00C04F79EFBC}") = "Empire.WD", "1.6\Source\Patch-WD\Empire.WD.csproj", "{91CFBACC-73CD-FE10-0E3E-64A40E9F269B}"
EndProject
Project("{FAE04EC0-301F-11D3-BF4B-00C04F79EFBC}") = "Empire.WDExp", "1.6\Source\Patch-WDExp\Empire.WDExp.csproj", "{A2B3C4D5-E6F7-8901-2345-678901ABCDEF}"
EndProject
Project("{FAE04EC0-301F-11D3-BF4B-00C04F79EFBC}") = "Empire.HAR", "1.6\Source\Patch-HAR\Empire.HAR.csproj", "{8A25014A-9508-F5CA-C809-D016C2586BD3}"
EndProject
Project("{FAE04EC0-301F-11D3-BF4B-00C04F79EFBC}") = "Empire.KCSG", "1.6\Source\Patch-KCSG\Empire.KCSG.csproj", "{ADD38221-BC00-9C01-65F2-553F6475D46D}"
EndProject
Project("{FAE04EC0-301F-11D3-BF4B-00C04F79EFBC}") = "Empire.PRD", "1.6\Source\Patch-PRD\Empire.PRD.csproj", "{C23C61BC-1DAA-406A-AF2F-542003644CDC}"
EndProject
Project("{FAE04EC0-301F-11D3-BF4B-00C04F79EFBC}") = "Empire.RW", "1.6\Source\Patch-RW\Empire.RW.csproj", "{6EDDFA19-D3EA-4597-AA8E-C0C575BBDB1A}"
EndProject
Project("{FAE04EC0-301F-11D3-BF4B-00C04F79EFBC}") = "Empire.VF", "1.6\Source\Patch-VF\Empire.VF.csproj", "{57E619E9-2A49-4AF9-8B46-E910D15D1C45}"
EndProject
Project("{FAE04EC0-301F-11D3-BF4B-00C04F79EFBC}") = "Empire.VPE", "1.6\Source\Patch-VPE\Empire.VPE.csproj", "{B1C2D3E4-F5A6-4789-9ABC-DEF012345678}"
EndProject
Global
	GlobalSection(SolutionConfigurationPlatforms) = preSolution
		Debug|Any CPU = Debug|Any CPU
		Debug|x64 = Debug|x64
		Debug|x86 = Debug|x86
		Release|Any CPU = Release|Any CPU
		Release|x64 = Release|x64
		Release|x86 = Release|x86
		Testing|Any CPU = Testing|Any CPU
		Testing|x64 = Testing|x64
		Testing|x86 = Testing|x86
	EndGlobalSection
	GlobalSection(ProjectConfigurationPlatforms) = postSolution
		{42D86855-C82C-D60A-6CB9-C301998EA678}.Debug|Any CPU.ActiveCfg = Debug|Any CPU
		{42D86855-C82C-D60A-6CB9-C301998EA678}.Debug|Any CPU.Build.0 = Debug|Any CPU
		{42D86855-C82C-D60A-6CB9-C301998EA678}.Debug|x64.ActiveCfg = Debug|Any CPU
		{42D86855-C82C-D60A-6CB9-C301998EA678}.Debug|x64.Build.0 = Debug|Any CPU
		{42D86855-C82C-D60A-6CB9-C301998EA678}.Debug|x86.ActiveCfg = Debug|Any CPU
		{42D86855-C82C-D60A-6CB9-C301998EA678}.Debug|x86.Build.0 = Debug|Any CPU
		{42D86855-C82C-D60A-6CB9-C301998EA678}.Release|Any CPU.ActiveCfg = Release|Any CPU
		{42D86855-C82C-D60A-6CB9-C301998EA678}.Release|Any CPU.Build.0 = Release|Any CPU
		{42D86855-C82C-D60A-6CB9-C301998EA678}.Release|x64.ActiveCfg = Release|Any CPU
		{42D86855-C82C-D60A-6CB9-C301998EA678}.Release|x64.Build.0 = Release|Any CPU
		{42D86855-C82C-D60A-6CB9-C301998EA678}.Release|x86.ActiveCfg = Release|Any CPU
		{42D86855-C82C-D60A-6CB9-C301998EA678}.Release|x86.Build.0 = Release|Any CPU
		{42D86855-C82C-D60A-6CB9-C301998EA678}.Testing|Any CPU.ActiveCfg = Testing|Any CPU
		{42D86855-C82C-D60A-6CB9-C301998EA678}.Testing|Any CPU.Build.0 = Testing|Any CPU
		{42D86855-C82C-D60A-6CB9-C301998EA678}.Testing|x64.ActiveCfg = Testing|Any CPU
		{42D86855-C82C-D60A-6CB9-C301998EA678}.Testing|x64.Build.0 = Testing|Any CPU
		{42D86855-C82C-D60A-6CB9-C301998EA678}.Testing|x86.ActiveCfg = Testing|Any CPU
		{42D86855-C82C-D60A-6CB9-C301998EA678}.Testing|x86.Build.0 = Testing|Any CPU
		{30E96982-6B6E-AA30-DADF-F10FAE0EB832}.Debug|Any CPU.ActiveCfg = Debug|Any CPU
		{30E96982-6B6E-AA30-DADF-F10FAE0EB832}.Debug|Any CPU.Build.0 = Debug|Any CPU
		{30E96982-6B6E-AA30-DADF-F10FAE0EB832}.Debug|x64.ActiveCfg = Debug|Any CPU
		{30E96982-6B6E-AA30-DADF-F10FAE0EB832}.Debug|x64.Build.0 = Debug|Any CPU
		{30E96982-6B6E-AA30-DADF-F10FAE0EB832}.Debug|x86.ActiveCfg = Debug|Any CPU
		{30E96982-6B6E-AA30-DADF-F10FAE0EB832}.Debug|x86.Build.0 = Debug|Any CPU
		{30E96982-6B6E-AA30-DADF-F10FAE0EB832}.Release|Any CPU.ActiveCfg = Release|Any CPU
		{30E96982-6B6E-AA30-DADF-F10FAE0EB832}.Release|Any CPU.Build.0 = Release|Any CPU
		{30E96982-6B6E-AA30-DADF-F10FAE0EB832}.Release|x64.ActiveCfg = Release|Any CPU
		{30E96982-6B6E-AA30-DADF-F10FAE0EB832}.Release|x64.Build.0 = Release|Any CPU
		{30E96982-6B6E-AA30-DADF-F10FAE0EB832}.Release|x86.ActiveCfg = Release|Any CPU
		{30E96982-6B6E-AA30-DADF-F10FAE0EB832}.Release|x86.Build.0 = Release|Any CPU
		{30E96982-6B6E-AA30-DADF-F10FAE0EB832}.Testing|Any CPU.ActiveCfg = Testing|Any CPU
		{30E96982-6B6E-AA30-DADF-F10FAE0EB832}.Testing|Any CPU.Build.0 = Testing|Any CPU
		{30E96982-6B6E-AA30-DADF-F10FAE0EB832}.Testing|x64.ActiveCfg = Testing|Any CPU
		{30E96982-6B6E-AA30-DADF-F10FAE0EB832}.Testing|x64.Build.0 = Testing|Any CPU
		{30E96982-6B6E-AA30-DADF-F10FAE0EB832}.Testing|x86.ActiveCfg = Testing|Any CPU
		{30E96982-6B6E-AA30-DADF-F10FAE0EB832}.Testing|x86.Build.0 = Testing|Any CPU
		{1B1B0A4C-A83A-218D-03FC-E25D49DC5768}.Debug|Any CPU.ActiveCfg = Debug|Any CPU
		{1B1B0A4C-A83A-218D-03FC-E25D49DC5768}.Debug|Any CPU.Build.0 = Debug|Any CPU
		{1B1B0A4C-A83A-218D-03FC-E25D49DC5768}.Debug|x64.ActiveCfg = Debug|Any CPU
		{1B1B0A4C-A83A-218D-03FC-E25D49DC5768}.Debug|x64.Build.0 = Debug|Any CPU
		{1B1B0A4C-A83A-218D-03FC-E25D49DC5768}.Debug|x86.ActiveCfg = Debug|Any CPU
		{1B1B0A4C-A83A-218D-03FC-E25D49DC5768}.Debug|x86.Build.0 = Debug|Any CPU
		{1B1B0A4C-A83A-218D-03FC-E25D49DC5768}.Release|Any CPU.ActiveCfg = Release|Any CPU
		{1B1B0A4C-A83A-218D-03FC-E25D49DC5768}.Release|Any CPU.Build.0 = Release|Any CPU
		{1B1B0A4C-A83A-218D-03FC-E25D49DC5768}.Release|x64.ActiveCfg = Release|Any CPU
		{1B1B0A4C-A83A-218D-03FC-E25D49DC5768}.Release|x64.Build.0 = Release|Any CPU
		{1B1B0A4C-A83A-218D-03FC-E25D49DC5768}.Release|x86.ActiveCfg = Release|Any CPU
		{1B1B0A4C-A83A-218D-03FC-E25D49DC5768}.Release|x86.Build.0 = Release|Any CPU
		{1B1B0A4C-A83A-218D-03FC-E25D49DC5768}.Testing|Any CPU.ActiveCfg = Testing|Any CPU
		{1B1B0A4C-A83A-218D-03FC-E25D49DC5768}.Testing|Any CPU.Build.0 = Testing|Any CPU
		{1B1B0A4C-A83A-218D-03FC-E25D49DC5768}.Testing|x64.ActiveCfg = Testing|Any CPU
		{1B1B0A4C-A83A-218D-03FC-E25D49DC5768}.Testing|x64.Build.0 = Testing|Any CPU
		{1B1B0A4C-A83A-218D-03FC-E25D49DC5768}.Testing|x86.ActiveCfg = Testing|Any CPU
		{1B1B0A4C-A83A-218D-03FC-E25D49DC5768}.Testing|x86.Build.0 = Testing|Any CPU
		{91CFBACC-73CD-FE10-0E3E-64A40E9F269B}.Debug|Any CPU.ActiveCfg = Debug|Any CPU
		{91CFBACC-73CD-FE10-0E3E-64A40E9F269B}.Debug|Any CPU.Build.0 = Debug|Any CPU
		{91CFBACC-73CD-FE10-0E3E-64A40E9F269B}.Debug|x64.ActiveCfg = Debug|Any CPU
		{91CFBACC-73CD-FE10-0E3E-64A40E9F269B}.Debug|x64.Build.0 = Debug|Any CPU
		{91CFBACC-73CD-FE10-0E3E-64A40E9F269B}.Debug|x86.ActiveCfg = Debug|Any CPU
		{91CFBACC-73CD-FE10-0E3E-64A40E9F269B}.Debug|x86.Build.0 = Debug|Any CPU
		{91CFBACC-73CD-FE10-0E3E-64A40E9F269B}.Release|Any CPU.ActiveCfg = Release|Any CPU
		{91CFBACC-73CD-FE10-0E3E-64A40E9F269B}.Release|Any CPU.Build.0 = Release|Any CPU
		{91CFBACC-73CD-FE10-0E3E-64A40E9F269B}.Release|x64.ActiveCfg = Release|Any CPU
		{91CFBACC-73CD-FE10-0E3E-64A40E9F269B}.Release|x64.Build.0 = Release|Any CPU
		{91CFBACC-73CD-FE10-0E3E-64A40E9F269B}.Release|x86.ActiveCfg = Release|Any CPU
		{91CFBACC-73CD-FE10-0E3E-64A40E9F269B}.Release|x86.Build.0 = Release|Any CPU
		{91CFBACC-73CD-FE10-0E3E-64A40E9F269B}.Testing|Any CPU.ActiveCfg = Testing|Any CPU
		{91CFBACC-73CD-FE10-0E3E-64A40E9F269B}.Testing|Any CPU.Build.0 = Testing|Any CPU
		{91CFBACC-73CD-FE10-0E3E-64A40E9F269B}.Testing|x64.ActiveCfg = Testing|Any CPU
		{91CFBACC-73CD-FE10-0E3E-64A40E9F269B}.Testing|x64.Build.0 = Testing|Any CPU
		{91CFBACC-73CD-FE10-0E3E-64A40E9F269B}.Testing|x86.ActiveCfg = Testing|Any CPU
		{91CFBACC-73CD-FE10-0E3E-64A40E9F269B}.Testing|x86.Build.0 = Testing|Any CPU
		{A2B3C4D5-E6F7-8901-2345-678901ABCDEF}.Debug|Any CPU.ActiveCfg = Debug|Any CPU
		{A2B3C4D5-E6F7-8901-2345-678901ABCDEF}.Debug|Any CPU.Build.0 = Debug|Any CPU
		{A2B3C4D5-E6F7-8901-2345-678901ABCDEF}.Debug|x64.ActiveCfg = Debug|Any CPU
		{A2B3C4D5-E6F7-8901-2345-678901ABCDEF}.Debug|x64.Build.0 = Debug|Any CPU
		{A2B3C4D5-E6F7-8901-2345-678901ABCDEF}.Debug|x86.ActiveCfg = Debug|Any CPU
		{A2B3C4D5-E6F7-8901-2345-678901ABCDEF}.Debug|x86.Build.0 = Debug|Any CPU
		{A2B3C4D5-E6F7-8901-2345-678901ABCDEF}.Release|Any CPU.ActiveCfg = Release|Any CPU
		{A2B3C4D5-E6F7-8901-2345-678901ABCDEF}.Release|Any CPU.Build.0 = Release|Any CPU
		{A2B3C4D5-E6F7-8901-2345-678901ABCDEF}.Release|x64.ActiveCfg = Release|Any CPU
		{A2B3C4D5-E6F7-8901-2345-678901ABCDEF}.Release|x64.Build.0 = Release|Any CPU
		{A2B3C4D5-E6F7-8901-2345-678901ABCDEF}.Release|x86.ActiveCfg = Release|Any CPU
		{A2B3C4D5-E6F7-8901-2345-678901ABCDEF}.Release|x86.Build.0 = Release|Any CPU
		{A2B3C4D5-E6F7-8901-2345-678901ABCDEF}.Testing|Any CPU.ActiveCfg = Testing|Any CPU
		{A2B3C4D5-E6F7-8901-2345-678901ABCDEF}.Testing|Any CPU.Build.0 = Testing|Any CPU
		{A2B3C4D5-E6F7-8901-2345-678901ABCDEF}.Testing|x64.ActiveCfg = Testing|Any CPU
		{A2B3C4D5-E6F7-8901-2345-678901ABCDEF}.Testing|x64.Build.0 = Testing|Any CPU
		{A2B3C4D5-E6F7-8901-2345-678901ABCDEF}.Testing|x86.ActiveCfg = Testing|Any CPU
		{A2B3C4D5-E6F7-8901-2345-678901ABCDEF}.Testing|x86.Build.0 = Testing|Any CPU
		{8A25014A-9508-F5CA-C809-D016C2586BD3}.Debug|Any CPU.ActiveCfg = Debug|Any CPU
		{8A25014A-9508-F5CA-C809-D016C2586BD3}.Debug|Any CPU.Build.0 = Debug|Any CPU
		{8A25014A-9508-F5CA-C809-D016C2586BD3}.Debug|x64.ActiveCfg = Debug|Any CPU
		{8A25014A-9508-F5CA-C809-D016C2586BD3}.Debug|x64.Build.0 = Debug|Any CPU
		{8A25014A-9508-F5CA-C809-D016C2586BD3}.Debug|x86.ActiveCfg = Debug|Any CPU
		{8A25014A-9508-F5CA-C809-D016C2586BD3}.Debug|x86.Build.0 = Debug|Any CPU
		{8A25014A-9508-F5CA-C809-D016C2586BD3}.Release|Any CPU.ActiveCfg = Release|Any CPU
		{8A25014A-9508-F5CA-C809-D016C2586BD3}.Release|Any CPU.Build.0 = Release|Any CPU
		{8A25014A-9508-F5CA-C809-D016C2586BD3}.Release|x64.ActiveCfg = Release|Any CPU
		{8A25014A-9508-F5CA-C809-D016C2586BD3}.Release|x64.Build.0 = Release|Any CPU
		{8A25014A-9508-F5CA-C809-D016C2586BD3}.Release|x86.ActiveCfg = Release|Any CPU
		{8A25014A-9508-F5CA-C809-D016C2586BD3}.Release|x86.Build.0 = Release|Any CPU
		{8A25014A-9508-F5CA-C809-D016C2586BD3}.Testing|Any CPU.ActiveCfg = Testing|Any CPU
		{8A25014A-9508-F5CA-C809-D016C2586BD3}.Testing|Any CPU.Build.0 = Testing|Any CPU
		{8A25014A-9508-F5CA-C809-D016C2586BD3}.Testing|x64.ActiveCfg = Testing|Any CPU
		{8A25014A-9508-F5CA-C809-D016C2586BD3}.Testing|x64.Build.0 = Testing|Any CPU
		{8A25014A-9508-F5CA-C809-D016C2586BD3}.Testing|x86.ActiveCfg = Testing|Any CPU
		{8A25014A-9508-F5CA-C809-D016C2586BD3}.Testing|x86.Build.0 = Testing|Any CPU
		{ADD38221-BC00-9C01-65F2-553F6475D46D}.Debug|Any CPU.ActiveCfg = Debug|Any CPU
		{ADD38221-BC00-9C01-65F2-553F6475D46D}.Debug|Any CPU.Build.0 = Debug|Any CPU
		{ADD38221-BC00-9C01-65F2-553F6475D46D}.Debug|x64.ActiveCfg = Debug|Any CPU
		{ADD38221-BC00-9C01-65F2-553F6475D46D}.Debug|x64.Build.0 = Debug|Any CPU
		{ADD38221-BC00-9C01-65F2-553F6475D46D}.Debug|x86.ActiveCfg = Debug|Any CPU
		{ADD38221-BC00-9C01-65F2-553F6475D46D}.Debug|x86.Build.0 = Debug|Any CPU
		{ADD38221-BC00-9C01-65F2-553F6475D46D}.Release|Any CPU.ActiveCfg = Release|Any CPU
		{ADD38221-BC00-9C01-65F2-553F6475D46D}.Release|Any CPU.Build.0 = Release|Any CPU
		{ADD38221-BC00-9C01-65F2-553F6475D46D}.Release|x64.ActiveCfg = Release|Any CPU
		{ADD38221-BC00-9C01-65F2-553F6475D46D}.Release|x64.Build.0 = Release|Any CPU
		{ADD38221-BC00-9C01-65F2-553F6475D46D}.Release|x86.ActiveCfg = Release|Any CPU
		{ADD38221-BC00-9C01-65F2-553F6475D46D}.Release|x86.Build.0 = Release|Any CPU
		{ADD38221-BC00-9C01-65F2-553F6475D46D}.Testing|Any CPU.ActiveCfg = Testing|Any CPU
		{ADD38221-BC00-9C01-65F2-553F6475D46D}.Testing|Any CPU.Build.0 = Testing|Any CPU
		{ADD38221-BC00-9C01-65F2-553F6475D46D}.Testing|x64.ActiveCfg = Testing|Any CPU
		{ADD38221-BC00-9C01-65F2-553F6475D46D}.Testing|x64.Build.0 = Testing|Any CPU
		{ADD38221-BC00-9C01-65F2-553F6475D46D}.Testing|x86.ActiveCfg = Testing|Any CPU
		{ADD38221-BC00-9C01-65F2-553F6475D46D}.Testing|x86.Build.0 = Testing|Any CPU
		{C23C61BC-1DAA-406A-AF2F-542003644CDC}.Debug|Any CPU.ActiveCfg = Debug|Any CPU
		{C23C61BC-1DAA-406A-AF2F-542003644CDC}.Debug|Any CPU.Build.0 = Debug|Any CPU
		{C23C61BC-1DAA-406A-AF2F-542003644CDC}.Debug|x64.ActiveCfg = Debug|Any CPU
		{C23C61BC-1DAA-406A-AF2F-542003644CDC}.Debug|x64.Build.0 = Debug|Any CPU
		{C23C61BC-1DAA-406A-AF2F-542003644CDC}.Debug|x86.ActiveCfg = Debug|Any CPU
		{C23C61BC-1DAA-406A-AF2F-542003644CDC}.Debug|x86.Build.0 = Debug|Any CPU
		{C23C61BC-1DAA-406A-AF2F-542003644CDC}.Release|Any CPU.ActiveCfg = Release|Any CPU
		{C23C61BC-1DAA-406A-AF2F-542003644CDC}.Release|Any CPU.Build.0 = Release|Any CPU
		{C23C61BC-1DAA-406A-AF2F-542003644CDC}.Release|x64.ActiveCfg = Release|Any CPU
		{C23C61BC-1DAA-406A-AF2F-542003644CDC}.Release|x64.Build.0 = Release|Any CPU
		{C23C61BC-1DAA-406A-AF2F-542003644CDC}.Release|x86.ActiveCfg = Release|Any CPU
		{C23C61BC-1DAA-406A-AF2F-542003644CDC}.Release|x86.Build.0 = Release|Any CPU
		{C23C61BC-1DAA-406A-AF2F-542003644CDC}.Testing|Any CPU.ActiveCfg = Testing|Any CPU
		{C23C61BC-1DAA-406A-AF2F-542003644CDC}.Testing|Any CPU.Build.0 = Testing|Any CPU
		{C23C61BC-1DAA-406A-AF2F-542003644CDC}.Testing|x64.ActiveCfg = Testing|Any CPU
		{C23C61BC-1DAA-406A-AF2F-542003644CDC}.Testing|x64.Build.0 = Testing|Any CPU
		{C23C61BC-1DAA-406A-AF2F-542003644CDC}.Testing|x86.ActiveCfg = Testing|Any CPU
		{C23C61BC-1DAA-406A-AF2F-542003644CDC}.Testing|x86.Build.0 = Testing|Any CPU
		{6EDDFA19-D3EA-4597-AA8E-C0C575BBDB1A}.Debug|Any CPU.ActiveCfg = Debug|Any CPU
		{6EDDFA19-D3EA-4597-AA8E-C0C575BBDB1A}.Debug|Any CPU.Build.0 = Debug|Any CPU
		{6EDDFA19-D3EA-4597-AA8E-C0C575BBDB1A}.Debug|x64.ActiveCfg = Debug|Any CPU
		{6EDDFA19-D3EA-4597-AA8E-C0C575BBDB1A}.Debug|x64.Build.0 = Debug|Any CPU
		{6EDDFA19-D3EA-4597-AA8E-C0C575BBDB1A}.Debug|x86.ActiveCfg = Debug|Any CPU
		{6EDDFA19-D3EA-4597-AA8E-C0C575BBDB1A}.Debug|x86.Build.0 = Debug|Any CPU
		{6EDDFA19-D3EA-4597-AA8E-C0C575BBDB1A}.Release|Any CPU.ActiveCfg = Release|Any CPU
		{6EDDFA19-D3EA-4597-AA8E-C0C575BBDB1A}.Release|Any CPU.Build.0 = Release|Any CPU
		{6EDDFA19-D3EA-4597-AA8E-C0C575BBDB1A}.Release|x64.ActiveCfg = Release|Any CPU
		{6EDDFA19-D3EA-4597-AA8E-C0C575BBDB1A}.Release|x64.Build.0 = Release|Any CPU
		{6EDDFA19-D3EA-4597-AA8E-C0C575BBDB1A}.Release|x86.ActiveCfg = Release|Any CPU
		{6EDDFA19-D3EA-4597-AA8E-C0C575BBDB1A}.Release|x86.Build.0 = Release|Any CPU
		{6EDDFA19-D3EA-4597-AA8E-C0C575BBDB1A}.Testing|Any CPU.ActiveCfg = Testing|Any CPU
		{6EDDFA19-D3EA-4597-AA8E-C0C575BBDB1A}.Testing|Any CPU.Build.0 = Testing|Any CPU
		{6EDDFA19-D3EA-4597-AA8E-C0C575BBDB1A}.Testing|x64.ActiveCfg = Testing|Any CPU
		{6EDDFA19-D3EA-4597-AA8E-C0C575BBDB1A}.Testing|x64.Build.0 = Testing|Any CPU
		{6EDDFA19-D3EA-4597-AA8E-C0C575BBDB1A}.Testing|x86.ActiveCfg = Testing|Any CPU
		{6EDDFA19-D3EA-4597-AA8E-C0C575BBDB1A}.Testing|x86.Build.0 = Testing|Any CPU
		{57E619E9-2A49-4AF9-8B46-E910D15D1C45}.Debug|Any CPU.ActiveCfg = Debug|Any CPU
		{57E619E9-2A49-4AF9-8B46-E910D15D1C45}.Debug|Any CPU.Build.0 = Debug|Any CPU
		{57E619E9-2A49-4AF9-8B46-E910D15D1C45}.Debug|x64.ActiveCfg = Debug|Any CPU
		{57E619E9-2A49-4AF9-8B46-E910D15D1C45}.Debug|x64.Build.0 = Debug|Any CPU
		{57E619E9-2A49-4AF9-8B46-E910D15D1C45}.Debug|x86.ActiveCfg = Debug|Any CPU
		{57E619E9-2A49-4AF9-8B46-E910D15D1C45}.Debug|x86.Build.0 = Debug|Any CPU
		{57E619E9-2A49-4AF9-8B46-E910D15D1C45}.Release|Any CPU.ActiveCfg = Release|Any CPU
		{57E619E9-2A49-4AF9-8B46-E910D15D1C45}.Release|Any CPU.Build.0 = Release|Any CPU
		{57E619E9-2A49-4AF9-8B46-E910D15D1C45}.Release|x64.ActiveCfg = Release|Any CPU
		{57E619E9-2A49-4AF9-8B46-E910D15D1C45}.Release|x64.Build.0 = Release|Any CPU
		{57E619E9-2A49-4AF9-8B46-E910D15D1C45}.Release|x86.ActiveCfg = Release|Any CPU
		{57E619E9-2A49-4AF9-8B46-E910D15D1C45}.Release|x86.Build.0 = Release|Any CPU
		{57E619E9-2A49-4AF9-8B46-E910D15D1C45}.Testing|Any CPU.ActiveCfg = Testing|Any CPU
		{57E619E9-2A49-4AF9-8B46-E910D15D1C45}.Testing|Any CPU.Build.0 = Testing|Any CPU
		{57E619E9-2A49-4AF9-8B46-E910D15D1C45}.Testing|x64.ActiveCfg = Testing|Any CPU
		{57E619E9-2A49-4AF9-8B46-E910D15D1C45}.Testing|x64.Build.0 = Testing|Any CPU
		{57E619E9-2A49-4AF9-8B46-E910D15D1C45}.Testing|x86.ActiveCfg = Testing|Any CPU
		{57E619E9-2A49-4AF9-8B46-E910D15D1C45}.Testing|x86.Build.0 = Testing|Any CPU
		{B1C2D3E4-F5A6-4789-9ABC-DEF012345678}.Debug|Any CPU.ActiveCfg = Debug|Any CPU
		{B1C2D3E4-F5A6-4789-9ABC-DEF012345678}.Debug|Any CPU.Build.0 = Debug|Any CPU
		{B1C2D3E4-F5A6-4789-9ABC-DEF012345678}.Debug|x64.ActiveCfg = Debug|Any CPU
		{B1C2D3E4-F5A6-4789-9ABC-DEF012345678}.Debug|x64.Build.0 = Debug|Any CPU
		{B1C2D3E4-F5A6-4789-9ABC-DEF012345678}.Debug|x86.ActiveCfg = Debug|Any CPU
		{B1C2D3E4-F5A6-4789-9ABC-DEF012345678}.Debug|x86.Build.0 = Debug|Any CPU
		{B1C2D3E4-F5A6-4789-9ABC-DEF012345678}.Release|Any CPU.ActiveCfg = Release|Any CPU
		{B1C2D3E4-F5A6-4789-9ABC-DEF012345678}.Release|Any CPU.Build.0 = Release|Any CPU
		{B1C2D3E4-F5A6-4789-9ABC-DEF012345678}.Release|x64.ActiveCfg = Release|Any CPU
		{B1C2D3E4-F5A6-4789-9ABC-DEF012345678}.Release|x64.Build.0 = Release|Any CPU
		{B1C2D3E4-F5A6-4789-9ABC-DEF012345678}.Release|x86.ActiveCfg = Release|Any CPU
		{B1C2D3E4-F5A6-4789-9ABC-DEF012345678}.Release|x86.Build.0 = Release|Any CPU
		{B1C2D3E4-F5A6-4789-9ABC-DEF012345678}.Testing|Any CPU.ActiveCfg = Testing|Any CPU
		{B1C2D3E4-F5A6-4789-9ABC-DEF012345678}.Testing|Any CPU.Build.0 = Testing|Any CPU
		{B1C2D3E4-F5A6-4789-9ABC-DEF012345678}.Testing|x64.ActiveCfg = Testing|Any CPU
		{B1C2D3E4-F5A6-4789-9ABC-DEF012345678}.Testing|x64.Build.0 = Testing|Any CPU
		{B1C2D3E4-F5A6-4789-9ABC-DEF012345678}.Testing|x86.ActiveCfg = Testing|Any CPU
		{B1C2D3E4-F5A6-4789-9ABC-DEF012345678}.Testing|x86.Build.0 = Testing|Any CPU
	EndGlobalSection
	GlobalSection(SolutionProperties) = preSolution
		HideSolutionNode = FALSE
	EndGlobalSection
	GlobalSection(ExtensibilityGlobals) = postSolution
		SolutionGuid = {0007A30F-2337-447D-86E6-2F8C2345F4CA}
	EndGlobalSection
EndGlobal
